
Microsoft Visual Studio Solution File, Format Version 12.00
# Visual Studio Version 17
VisualStudioVersion = 17.4.33213.308
MinimumVisualStudioVersion = 10.0.40219.1
Project("{9A19103F-16F7-4668-BE54-9A1E7A4F7556}") = "eBilet.Entities", "eBilet.Entities\eBilet.Entities.csproj", "{4DEBD7DF-D7F3-449F-8593-FE250B717AD3}"
EndProject
Project("{9A19103F-16F7-4668-BE54-9A1E7A4F7556}") = "eBilet.Core", "eBilet.Core\eBilet.Core.csproj", "{AF4CC1C4-9203-4A52-A3ED-3E43410EACE8}"
EndProject
Project("{9A19103F-16F7-4668-BE54-9A1E7A4F7556}") = "eBilet.Business", "eBilet.Business\eBilet.Business.csproj", "{CB3A689F-F490-4EE1-A7C2-DFBE96336917}"
	ProjectSection(ProjectDependencies) = postProject
		{469144F1-30D8-4DEE-B5CE-631D45BF5D8F} = {469144F1-30D8-4DEE-B5CE-631D45BF5D8F}
		{4DEBD7DF-D7F3-449F-8593-FE250B717AD3} = {4DEBD7DF-D7F3-449F-8593-FE250B717AD3}
		{AF4CC1C4-9203-4A52-A3ED-3E43410EACE8} = {AF4CC1C4-9203-4A52-A3ED-3E43410EACE8}
	EndProjectSection
EndProject
Project("{9A19103F-16F7-4668-BE54-9A1E7A4F7556}") = "eBilet.DataAccess", "eBilet.DataAccess\eBilet.DataAccess.csproj", "{469144F1-30D8-4DEE-B5CE-631D45BF5D8F}"
EndProject
Project("{9A19103F-16F7-4668-BE54-9A1E7A4F7556}") = "eBilet.WebAPI", "eBilet.WebAPI\eBilet.WebAPI.csproj", "{B5193597-1466-4B18-B66E-ADCC7A6F4991}"
	ProjectSection(ProjectDependencies) = postProject
		{469144F1-30D8-4DEE-B5CE-631D45BF5D8F} = {469144F1-30D8-4DEE-B5CE-631D45BF5D8F}
		{4DEBD7DF-D7F3-449F-8593-FE250B717AD3} = {4DEBD7DF-D7F3-449F-8593-FE250B717AD3}
		{AF4CC1C4-9203-4A52-A3ED-3E43410EACE8} = {AF4CC1C4-9203-4A52-A3ED-3E43410EACE8}
	EndProjectSection
EndProject
Global
	GlobalSection(SolutionConfigurationPlatforms) = preSolution
		Debug|Any CPU = Debug|Any CPU
		Release|Any CPU = Release|Any CPU
	EndGlobalSection
	GlobalSection(ProjectConfigurationPlatforms) = postSolution
		{4DEBD7DF-D7F3-449F-8593-FE250B717AD3}.Debug|Any CPU.ActiveCfg = Debug|Any CPU
		{4DEBD7DF-D7F3-449F-8593-FE250B717AD3}.Debug|Any CPU.Build.0 = Debug|Any CPU
		{4DEBD7DF-D7F3-449F-8593-FE250B717AD3}.Release|Any CPU.ActiveCfg = Release|Any CPU
		{4DEBD7DF-D7F3-449F-8593-FE250B717AD3}.Release|Any CPU.Build.0 = Release|Any CPU
		{AF4CC1C4-9203-4A52-A3ED-3E43410EACE8}.Debug|Any CPU.ActiveCfg = Debug|Any CPU
		{AF4CC1C4-9203-4A52-A3ED-3E43410EACE8}.Debug|Any CPU.Build.0 = Debug|Any CPU
		{AF4CC1C4-9203-4A52-A3ED-3E43410EACE8}.Release|Any CPU.ActiveCfg = Release|Any CPU
		{AF4CC1C4-9203-4A52-A3ED-3E43410EACE8}.Release|Any CPU.Build.0 = Release|Any CPU
		{CB3A689F-F490-4EE1-A7C2-DFBE96336917}.Debug|Any CPU.ActiveCfg = Debug|Any CPU
		{CB3A689F-F490-4EE1-A7C2-DFBE96336917}.Debug|Any CPU.Build.0 = Debug|Any CPU
		{CB3A689F-F490-4EE1-A7C2-DFBE96336917}.Release|Any CPU.ActiveCfg = Release|Any CPU
		{CB3A689F-F490-4EE1-A7C2-DFBE96336917}.Release|Any CPU.Build.0 = Release|Any CPU
		{469144F1-30D8-4DEE-B5CE-631D45BF5D8F}.Debug|Any CPU.ActiveCfg = Debug|Any CPU
		{469144F1-30D8-4DEE-B5CE-631D45BF5D8F}.Debug|Any CPU.Build.0 = Debug|Any CPU
		{469144F1-30D8-4DEE-B5CE-631D45BF5D8F}.Release|Any CPU.ActiveCfg = Release|Any CPU
		{469144F1-30D8-4DEE-B5CE-631D45BF5D8F}.Release|Any CPU.Build.0 = Release|Any CPU
		{B5193597-1466-4B18-B66E-ADCC7A6F4991}.Debug|Any CPU.ActiveCfg = Debug|Any CPU
		{B5193597-1466-4B18-B66E-ADCC7A6F4991}.Debug|Any CPU.Build.0 = Debug|Any CPU
		{B5193597-1466-4B18-B66E-ADCC7A6F4991}.Release|Any CPU.ActiveCfg = Release|Any CPU
		{B5193597-1466-4B18-B66E-ADCC7A6F4991}.Release|Any CPU.Build.0 = Release|Any CPU
	EndGlobalSection
	GlobalSection(SolutionProperties) = preSolution
		HideSolutionNode = FALSE
	EndGlobalSection
	GlobalSection(ExtensibilityGlobals) = postSolution
		SolutionGuid = {1F5662C5-BD6F-4EE1-B64B-CF590A7E65E3}
	EndGlobalSection
EndGlobal
